
Microsoft Visual Studio Solution File, Format Version 12.00
# Visual Studio 15
VisualStudioVersion = 15.0.27004.2008
MinimumVisualStudioVersion = 10.0.40219.1
Project("{FAE04EC0-301F-11D3-BF4B-00C04F79EFBC}") = "SoapExample", "SoapExample\SoapExample.csproj", "{C016E8D0-1776-4A37-9FD9-CEC96DC1A090}"
EndProject
Global
	GlobalSection(SolutionConfigurationPlatforms) = preSolution
		Debug|Any CPU = Debug|Any CPU
		Release|Any CPU = Release|Any CPU
	EndGlobalSection
	GlobalSection(ProjectConfigurationPlatforms) = postSolution
		{C016E8D0-1776-4A37-9FD9-CEC96DC1A090}.Debug|Any CPU.ActiveCfg = Debug|Any CPU
		{C016E8D0-1776-4A37-9FD9-CEC96DC1A090}.Debug|Any CPU.Build.0 = Debug|Any CPU
		{C016E8D0-1776-4A37-9FD9-CEC96DC1A090}.Release|Any CPU.ActiveCfg = Release|Any CPU
		{C016E8D0-1776-4A37-9FD9-CEC96DC1A090}.Release|Any CPU.Build.0 = Release|Any CPU
	EndGlobalSection
	GlobalSection(SolutionProperties) = preSolution
		HideSolutionNode = FALSE
	EndGlobalSection
	GlobalSection(ExtensibilityGlobals) = postSolution
		SolutionGuid = {BD4366EA-5B69-4938-8C5C-BA1D236EBB52}
	EndGlobalSection
EndGlobal
